// !$*UTF8*$!
{
	archiveVersion = 1;
	classes = {
	};
	objectVersion = 50;
	objects = {

/* Begin PBXBuildFile section */
		E288582A26220DD000BD756F /* JoodiAppApp.swift in Sources */ = {isa = PBXBuildFile; fileRef = E288582926220DD000BD756F /* JoodiAppApp.swift */; };
		E288582C26220DD000BD756F /* ShoppersList.swift in Sources */ = {isa = PBXBuildFile; fileRef = E288582B26220DD000BD756F /* ShoppersList.swift */; };
		E288582E26220DD100BD756F /* Assets.xcassets in Resources */ = {isa = PBXBuildFile; fileRef = E288582D26220DD100BD756F /* Assets.xcassets */; };
		E288583126220DD100BD756F /* Preview Assets.xcassets in Resources */ = {isa = PBXBuildFile; fileRef = E288583026220DD100BD756F /* Preview Assets.xcassets */; };
		E288583C26220DD100BD756F /* JoodiAppTests.swift in Sources */ = {isa = PBXBuildFile; fileRef = E288583B26220DD100BD756F /* JoodiAppTests.swift */; };
		E288584726220DD100BD756F /* JoodiAppUITests.swift in Sources */ = {isa = PBXBuildFile; fileRef = E288584626220DD100BD756F /* JoodiAppUITests.swift */; };
		E288585B26220F7400BD756F /* Shopper.swift in Sources */ = {isa = PBXBuildFile; fileRef = E288585A26220F7400BD756F /* Shopper.swift */; };
		E28858682622106900BD756F /* Item.swift in Sources */ = {isa = PBXBuildFile; fileRef = E28858672622106900BD756F /* Item.swift */; };
		E288586D262210DE00BD756F /* Order.swift in Sources */ = {isa = PBXBuildFile; fileRef = E288586C262210DE00BD756F /* Order.swift */; };
		E28858722622143200BD756F /* Location.swift in Sources */ = {isa = PBXBuildFile; fileRef = E28858712622143200BD756F /* Location.swift */; };
		E28858A626221E1B00BD756F /* ApiURLs.swift in Sources */ = {isa = PBXBuildFile; fileRef = E28858A526221E1B00BD756F /* ApiURLs.swift */; };
		E28858AE26221E6A00BD756F /* ShoppersViewModel.swift in Sources */ = {isa = PBXBuildFile; fileRef = E28858AD26221E6A00BD756F /* ShoppersViewModel.swift */; };
		E28858B326221E7700BD756F /* FetchingStatus.swift in Sources */ = {isa = PBXBuildFile; fileRef = E28858B226221E7700BD756F /* FetchingStatus.swift */; };
		E28858B8262223F900BD756F /* OrdersListViewModel.swift in Sources */ = {isa = PBXBuildFile; fileRef = E28858B7262223F900BD756F /* OrdersListViewModel.swift */; };
		E28858C0262226D100BD756F /* OrdersList.swift in Sources */ = {isa = PBXBuildFile; fileRef = E28858BF262226D100BD756F /* OrdersList.swift */; };
		E28858C5262229E300BD756F /* OrderDetailsViewModel.swift in Sources */ = {isa = PBXBuildFile; fileRef = E28858C4262229E300BD756F /* OrderDetailsViewModel.swift */; };
		E28858CD26222C6100BD756F /* OrderDetails.swift in Sources */ = {isa = PBXBuildFile; fileRef = E28858CC26222C6100BD756F /* OrderDetails.swift */; };
		E28858D22622322E00BD756F /* PlaceOrderViewModel.swift in Sources */ = {isa = PBXBuildFile; fileRef = E28858D12622322E00BD756F /* PlaceOrderViewModel.swift */; };
		E28858DD2622368800BD756F /* PlaceOrder.swift in Sources */ = {isa = PBXBuildFile; fileRef = E28858DC2622368800BD756F /* PlaceOrder.swift */; };
/* End PBXBuildFile section */

/* Begin PBXContainerItemProxy section */
		E288583826220DD100BD756F /* PBXContainerItemProxy */ = {
			isa = PBXContainerItemProxy;
			containerPortal = E288581E26220DD000BD756F /* Project object */;
			proxyType = 1;
			remoteGlobalIDString = E288582526220DD000BD756F;
			remoteInfo = JoodiApp;
		};
		E288584326220DD100BD756F /* PBXContainerItemProxy */ = {
			isa = PBXContainerItemProxy;
			containerPortal = E288581E26220DD000BD756F /* Project object */;
			proxyType = 1;
			remoteGlobalIDString = E288582526220DD000BD756F;
			remoteInfo = JoodiApp;
		};
/* End PBXContainerItemProxy section */

/* Begin PBXFileReference section */
		E288582626220DD000BD756F /* JoodiApp.app */ = {isa = PBXFileReference; explicitFileType = wrapper.application; includeInIndex = 0; path = JoodiApp.app; sourceTree = BUILT_PRODUCTS_DIR; };
		E288582926220DD000BD756F /* JoodiAppApp.swift */ = {isa = PBXFileReference; lastKnownFileType = sourcecode.swift; path = JoodiAppApp.swift; sourceTree = "<group>"; };
		E288582B26220DD000BD756F /* ShoppersList.swift */ = {isa = PBXFileReference; lastKnownFileType = sourcecode.swift; path = ShoppersList.swift; sourceTree = "<group>"; };
		E288582D26220DD100BD756F /* Assets.xcassets */ = {isa = PBXFileReference; lastKnownFileType = folder.assetcatalog; path = Assets.xcassets; sourceTree = "<group>"; };
		E288583026220DD100BD756F /* Preview Assets.xcassets */ = {isa = PBXFileReference; lastKnownFileType = folder.assetcatalog; path = "Preview Assets.xcassets"; sourceTree = "<group>"; };
		E288583226220DD100BD756F /* Info.plist */ = {isa = PBXFileReference; lastKnownFileType = text.plist.xml; path = Info.plist; sourceTree = "<group>"; };
		E288583726220DD100BD756F /* JoodiAppTests.xctest */ = {isa = PBXFileReference; explicitFileType = wrapper.cfbundle; includeInIndex = 0; path = JoodiAppTests.xctest; sourceTree = BUILT_PRODUCTS_DIR; };
		E288583B26220DD100BD756F /* JoodiAppTests.swift */ = {isa = PBXFileReference; lastKnownFileType = sourcecode.swift; path = JoodiAppTests.swift; sourceTree = "<group>"; };
		E288583D26220DD100BD756F /* Info.plist */ = {isa = PBXFileReference; lastKnownFileType = text.plist.xml; path = Info.plist; sourceTree = "<group>"; };
		E288584226220DD100BD756F /* JoodiAppUITests.xctest */ = {isa = PBXFileReference; explicitFileType = wrapper.cfbundle; includeInIndex = 0; path = JoodiAppUITests.xctest; sourceTree = BUILT_PRODUCTS_DIR; };
		E288584626220DD100BD756F /* JoodiAppUITests.swift */ = {isa = PBXFileReference; lastKnownFileType = sourcecode.swift; path = JoodiAppUITests.swift; sourceTree = "<group>"; };
		E288584826220DD100BD756F /* Info.plist */ = {isa = PBXFileReference; lastKnownFileType = text.plist.xml; path = Info.plist; sourceTree = "<group>"; };
		E288585A26220F7400BD756F /* Shopper.swift */ = {isa = PBXFileReference; lastKnownFileType = sourcecode.swift; path = Shopper.swift; sourceTree = "<group>"; };
		E28858672622106900BD756F /* Item.swift */ = {isa = PBXFileReference; lastKnownFileType = sourcecode.swift; path = Item.swift; sourceTree = "<group>"; };
		E288586C262210DE00BD756F /* Order.swift */ = {isa = PBXFileReference; lastKnownFileType = sourcecode.swift; path = Order.swift; sourceTree = "<group>"; };
		E28858712622143200BD756F /* Location.swift */ = {isa = PBXFileReference; lastKnownFileType = sourcecode.swift; path = Location.swift; sourceTree = "<group>"; };
		E28858A526221E1B00BD756F /* ApiURLs.swift */ = {isa = PBXFileReference; lastKnownFileType = sourcecode.swift; path = ApiURLs.swift; sourceTree = "<group>"; };
		E28858AD26221E6A00BD756F /* ShoppersViewModel.swift */ = {isa = PBXFileReference; lastKnownFileType = sourcecode.swift; path = ShoppersViewModel.swift; sourceTree = "<group>"; };
		E28858B226221E7700BD756F /* FetchingStatus.swift */ = {isa = PBXFileReference; lastKnownFileType = sourcecode.swift; path = FetchingStatus.swift; sourceTree = "<group>"; };
		E28858B7262223F900BD756F /* OrdersListViewModel.swift */ = {isa = PBXFileReference; lastKnownFileType = sourcecode.swift; path = OrdersListViewModel.swift; sourceTree = "<group>"; };
		E28858BF262226D100BD756F /* OrdersList.swift */ = {isa = PBXFileReference; lastKnownFileType = sourcecode.swift; path = OrdersList.swift; sourceTree = "<group>"; };
		E28858C4262229E300BD756F /* OrderDetailsViewModel.swift */ = {isa = PBXFileReference; lastKnownFileType = sourcecode.swift; path = OrderDetailsViewModel.swift; sourceTree = "<group>"; };
		E28858CC26222C6100BD756F /* OrderDetails.swift */ = {isa = PBXFileReference; lastKnownFileType = sourcecode.swift; path = OrderDetails.swift; sourceTree = "<group>"; };
		E28858D12622322E00BD756F /* PlaceOrderViewModel.swift */ = {isa = PBXFileReference; lastKnownFileType = sourcecode.swift; path = PlaceOrderViewModel.swift; sourceTree = "<group>"; };
		E28858DC2622368800BD756F /* PlaceOrder.swift */ = {isa = PBXFileReference; lastKnownFileType = sourcecode.swift; path = PlaceOrder.swift; sourceTree = "<group>"; };
/* End PBXFileReference section */

/* Begin PBXFrameworksBuildPhase section */
		E288582326220DD000BD756F /* Frameworks */ = {
			isa = PBXFrameworksBuildPhase;
			buildActionMask = 2147483647;
			files = (
			);
			runOnlyForDeploymentPostprocessing = 0;
		};
		E288583426220DD100BD756F /* Frameworks */ = {
			isa = PBXFrameworksBuildPhase;
			buildActionMask = 2147483647;
			files = (
			);
			runOnlyForDeploymentPostprocessing = 0;
		};
		E288583F26220DD100BD756F /* Frameworks */ = {
			isa = PBXFrameworksBuildPhase;
			buildActionMask = 2147483647;
			files = (
			);
			runOnlyForDeploymentPostprocessing = 0;
		};
/* End PBXFrameworksBuildPhase section */

/* Begin PBXGroup section */
		E288581D26220DD000BD756F = {
			isa = PBXGroup;
			children = (
				E288582826220DD000BD756F /* JoodiApp */,
				E288583A26220DD100BD756F /* JoodiAppTests */,
				E288584526220DD100BD756F /* JoodiAppUITests */,
				E288582726220DD000BD756F /* Products */,
			);
			sourceTree = "<group>";
		};
		E288582726220DD000BD756F /* Products */ = {
			isa = PBXGroup;
			children = (
				E288582626220DD000BD756F /* JoodiApp.app */,
				E288583726220DD100BD756F /* JoodiAppTests.xctest */,
				E288584226220DD100BD756F /* JoodiAppUITests.xctest */,
			);
			name = Products;
			sourceTree = "<group>";
		};
		E288582826220DD000BD756F /* JoodiApp */ = {
			isa = PBXGroup;
			children = (
				E28858A526221E1B00BD756F /* ApiURLs.swift */,
				E288582926220DD000BD756F /* JoodiAppApp.swift */,
				E288585726220F3E00BD756F /* Views */,
				E288582B26220DD000BD756F /* ShoppersList.swift */,
				E28858BF262226D100BD756F /* OrdersList.swift */,
				E28858CC26222C6100BD756F /* OrderDetails.swift */,
				E28858DC2622368800BD756F /* PlaceOrder.swift */,
				E288585926220F4800BD756F /* ViewModels */,
				E288585826220F4200BD756F /* Models */,
				E288582D26220DD100BD756F /* Assets.xcassets */,
				E288583226220DD100BD756F /* Info.plist */,
				E288582F26220DD100BD756F /* Preview Content */,
			);
			path = JoodiApp;
			sourceTree = "<group>";
		};
		E288582F26220DD100BD756F /* Preview Content */ = {
			isa = PBXGroup;
			children = (
				E288583026220DD100BD756F /* Preview Assets.xcassets */,
			);
			path = "Preview Content";
			sourceTree = "<group>";
		};
		E288583A26220DD100BD756F /* JoodiAppTests */ = {
			isa = PBXGroup;
			children = (
				E288583B26220DD100BD756F /* JoodiAppTests.swift */,
				E288583D26220DD100BD756F /* Info.plist */,
			);
			path = JoodiAppTests;
			sourceTree = "<group>";
		};
		E288584526220DD100BD756F /* JoodiAppUITests */ = {
			isa = PBXGroup;
			children = (
				E288584626220DD100BD756F /* JoodiAppUITests.swift */,
				E288584826220DD100BD756F /* Info.plist */,
			);
			path = JoodiAppUITests;
			sourceTree = "<group>";
		};
		E288585726220F3E00BD756F /* Views */ = {
			isa = PBXGroup;
			children = (
			);
			path = Views;
			sourceTree = "<group>";
		};
		E288585826220F4200BD756F /* Models */ = {
			isa = PBXGroup;
			children = (
				E288585A26220F7400BD756F /* Shopper.swift */,
				E28858672622106900BD756F /* Item.swift */,
				E288586C262210DE00BD756F /* Order.swift */,
				E28858712622143200BD756F /* Location.swift */,
				E28858B226221E7700BD756F /* FetchingStatus.swift */,
			);
			path = Models;
			sourceTree = "<group>";
		};
		E288585926220F4800BD756F /* ViewModels */ = {
			isa = PBXGroup;
			children = (
				E28858AD26221E6A00BD756F /* ShoppersViewModel.swift */,
				E28858B7262223F900BD756F /* OrdersListViewModel.swift */,
				E28858C4262229E300BD756F /* OrderDetailsViewModel.swift */,
				E28858D12622322E00BD756F /* PlaceOrderViewModel.swift */,
			);
			path = ViewModels;
			sourceTree = "<group>";
		};
/* End PBXGroup section */

/* Begin PBXNativeTarget section */
		E288582526220DD000BD756F /* JoodiApp */ = {
			isa = PBXNativeTarget;
			buildConfigurationList = E288584B26220DD100BD756F /* Build configuration list for PBXNativeTarget "JoodiApp" */;
			buildPhases = (
				E288582226220DD000BD756F /* Sources */,
				E288582326220DD000BD756F /* Frameworks */,
				E288582426220DD000BD756F /* Resources */,
			);
			buildRules = (
			);
			dependencies = (
			);
			name = JoodiApp;
			productName = JoodiApp;
			productReference = E288582626220DD000BD756F /* JoodiApp.app */;
			productType = "com.apple.product-type.application";
		};
		E288583626220DD100BD756F /* JoodiAppTests */ = {
			isa = PBXNativeTarget;
			buildConfigurationList = E288584E26220DD100BD756F /* Build configuration list for PBXNativeTarget "JoodiAppTests" */;
			buildPhases = (
				E288583326220DD100BD756F /* Sources */,
				E288583426220DD100BD756F /* Frameworks */,
				E288583526220DD100BD756F /* Resources */,
			);
			buildRules = (
			);
			dependencies = (
				E288583926220DD100BD756F /* PBXTargetDependency */,
			);
			name = JoodiAppTests;
			productName = JoodiAppTests;
			productReference = E288583726220DD100BD756F /* JoodiAppTests.xctest */;
			productType = "com.apple.product-type.bundle.unit-test";
		};
		E288584126220DD100BD756F /* JoodiAppUITests */ = {
			isa = PBXNativeTarget;
			buildConfigurationList = E288585126220DD100BD756F /* Build configuration list for PBXNativeTarget "JoodiAppUITests" */;
			buildPhases = (
				E288583E26220DD100BD756F /* Sources */,
				E288583F26220DD100BD756F /* Frameworks */,
				E288584026220DD100BD756F /* Resources */,
			);
			buildRules = (
			);
			dependencies = (
				E288584426220DD100BD756F /* PBXTargetDependency */,
			);
			name = JoodiAppUITests;
			productName = JoodiAppUITests;
			productReference = E288584226220DD100BD756F /* JoodiAppUITests.xctest */;
			productType = "com.apple.product-type.bundle.ui-testing";
		};
/* End PBXNativeTarget section */

/* Begin PBXProject section */
		E288581E26220DD000BD756F /* Project object */ = {
			isa = PBXProject;
			attributes = {
				LastSwiftUpdateCheck = 1240;
				LastUpgradeCheck = 1240;
				TargetAttributes = {
					E288582526220DD000BD756F = {
						CreatedOnToolsVersion = 12.4;
					};
					E288583626220DD100BD756F = {
						CreatedOnToolsVersion = 12.4;
						TestTargetID = E288582526220DD000BD756F;
					};
					E288584126220DD100BD756F = {
						CreatedOnToolsVersion = 12.4;
						TestTargetID = E288582526220DD000BD756F;
					};
				};
			};
			buildConfigurationList = E288582126220DD000BD756F /* Build configuration list for PBXProject "JoodiApp" */;
			compatibilityVersion = "Xcode 9.3";
			developmentRegion = en;
			hasScannedForEncodings = 0;
			knownRegions = (
				en,
				Base,
			);
			mainGroup = E288581D26220DD000BD756F;
			productRefGroup = E288582726220DD000BD756F /* Products */;
			projectDirPath = "";
			projectRoot = "";
			targets = (
				E288582526220DD000BD756F /* JoodiApp */,
				E288583626220DD100BD756F /* JoodiAppTests */,
				E288584126220DD100BD756F /* JoodiAppUITests */,
			);
		};
/* End PBXProject section */

/* Begin PBXResourcesBuildPhase section */
		E288582426220DD000BD756F /* Resources */ = {
			isa = PBXResourcesBuildPhase;
			buildActionMask = 2147483647;
			files = (
				E288583126220DD100BD756F /* Preview Assets.xcassets in Resources */,
				E288582E26220DD100BD756F /* Assets.xcassets in Resources */,
			);
			runOnlyForDeploymentPostprocessing = 0;
		};
		E288583526220DD100BD756F /* Resources */ = {
			isa = PBXResourcesBuildPhase;
			buildActionMask = 2147483647;
			files = (
			);
			runOnlyForDeploymentPostprocessing = 0;
		};
		E288584026220DD100BD756F /* Resources */ = {
			isa = PBXResourcesBuildPhase;
			buildActionMask = 2147483647;
			files = (
			);
			runOnlyForDeploymentPostprocessing = 0;
		};
/* End PBXResourcesBuildPhase section */

/* Begin PBXSourcesBuildPhase section */
		E288582226220DD000BD756F /* Sources */ = {
			isa = PBXSourcesBuildPhase;
			buildActionMask = 2147483647;
			files = (
				E28858C0262226D100BD756F /* OrdersList.swift in Sources */,
				E28858682622106900BD756F /* Item.swift in Sources */,
				E28858B326221E7700BD756F /* FetchingStatus.swift in Sources */,
				E288582C26220DD000BD756F /* ShoppersList.swift in Sources */,
				E28858DD2622368800BD756F /* PlaceOrder.swift in Sources */,
				E28858AE26221E6A00BD756F /* ShoppersViewModel.swift in Sources */,
				E28858A626221E1B00BD756F /* ApiURLs.swift in Sources */,
				E28858D22622322E00BD756F /* PlaceOrderViewModel.swift in Sources */,
				E288586D262210DE00BD756F /* Order.swift in Sources */,
				E288582A26220DD000BD756F /* JoodiAppApp.swift in Sources */,
				E28858CD26222C6100BD756F /* OrderDetails.swift in Sources */,
				E28858C5262229E300BD756F /* OrderDetailsViewModel.swift in Sources */,
				E28858722622143200BD756F /* Location.swift in Sources */,
				E288585B26220F7400BD756F /* Shopper.swift in Sources */,
				E28858B8262223F900BD756F /* OrdersListViewModel.swift in Sources */,
			);
			runOnlyForDeploymentPostprocessing = 0;
		};
		E288583326220DD100BD756F /* Sources */ = {
			isa = PBXSourcesBuildPhase;
			buildActionMask = 2147483647;
			files = (
				E288583C26220DD100BD756F /* JoodiAppTests.swift in Sources */,
			);
			runOnlyForDeploymentPostprocessing = 0;
		};
		E288583E26220DD100BD756F /* Sources */ = {
			isa = PBXSourcesBuildPhase;
			buildActionMask = 2147483647;
			files = (
				E288584726220DD100BD756F /* JoodiAppUITests.swift in Sources */,
			);
			runOnlyForDeploymentPostprocessing = 0;
		};
/* End PBXSourcesBuildPhase section */

/* Begin PBXTargetDependency section */
		E288583926220DD100BD756F /* PBXTargetDependency */ = {
			isa = PBXTargetDependency;
			target = E288582526220DD000BD756F /* JoodiApp */;
			targetProxy = E288583826220DD100BD756F /* PBXContainerItemProxy */;
		};
		E288584426220DD100BD756F /* PBXTargetDependency */ = {
			isa = PBXTargetDependency;
			target = E288582526220DD000BD756F /* JoodiApp */;
			targetProxy = E288584326220DD100BD756F /* PBXContainerItemProxy */;
		};
/* End PBXTargetDependency section */

/* Begin XCBuildConfiguration section */
		E288584926220DD100BD756F /* Debug */ = {
			isa = XCBuildConfiguration;
			buildSettings = {
				ALWAYS_SEARCH_USER_PATHS = NO;
				CLANG_ANALYZER_NONNULL = YES;
				CLANG_ANALYZER_NUMBER_OBJECT_CONVERSION = YES_AGGRESSIVE;
				CLANG_CXX_LANGUAGE_STANDARD = "gnu++14";
				CLANG_CXX_LIBRARY = "libc++";
				CLANG_ENABLE_MODULES = YES;
				CLANG_ENABLE_OBJC_ARC = YES;
				CLANG_ENABLE_OBJC_WEAK = YES;
				CLANG_WARN_BLOCK_CAPTURE_AUTORELEASING = YES;
				CLANG_WARN_BOOL_CONVERSION = YES;
				CLANG_WARN_COMMA = YES;
				CLANG_WARN_CONSTANT_CONVERSION = YES;
				CLANG_WARN_DEPRECATED_OBJC_IMPLEMENTATIONS = YES;
				CLANG_WARN_DIRECT_OBJC_ISA_USAGE = YES_ERROR;
				CLANG_WARN_DOCUMENTATION_COMMENTS = YES;
				CLANG_WARN_EMPTY_BODY = YES;
				CLANG_WARN_ENUM_CONVERSION = YES;
				CLANG_WARN_INFINITE_RECURSION = YES;
				CLANG_WARN_INT_CONVERSION = YES;
				CLANG_WARN_NON_LITERAL_NULL_CONVERSION = YES;
				CLANG_WARN_OBJC_IMPLICIT_RETAIN_SELF = YES;
				CLANG_WARN_OBJC_LITERAL_CONVERSION = YES;
				CLANG_WARN_OBJC_ROOT_CLASS = YES_ERROR;
				CLANG_WARN_QUOTED_INCLUDE_IN_FRAMEWORK_HEADER = YES;
				CLANG_WARN_RANGE_LOOP_ANALYSIS = YES;
				CLANG_WARN_STRICT_PROTOTYPES = YES;
				CLANG_WARN_SUSPICIOUS_MOVE = YES;
				CLANG_WARN_UNGUARDED_AVAILABILITY = YES_AGGRESSIVE;
				CLANG_WARN_UNREACHABLE_CODE = YES;
				CLANG_WARN__DUPLICATE_METHOD_MATCH = YES;
				COPY_PHASE_STRIP = NO;
				DEBUG_INFORMATION_FORMAT = dwarf;
				ENABLE_STRICT_OBJC_MSGSEND = YES;
				ENABLE_TESTABILITY = YES;
				GCC_C_LANGUAGE_STANDARD = gnu11;
				GCC_DYNAMIC_NO_PIC = NO;
				GCC_NO_COMMON_BLOCKS = YES;
				GCC_OPTIMIZATION_LEVEL = 0;
				GCC_PREPROCESSOR_DEFINITIONS = (
					"DEBUG=1",
					"$(inherited)",
				);
				GCC_WARN_64_TO_32_BIT_CONVERSION = YES;
				GCC_WARN_ABOUT_RETURN_TYPE = YES_ERROR;
				GCC_WARN_UNDECLARED_SELECTOR = YES;
				GCC_WARN_UNINITIALIZED_AUTOS = YES_AGGRESSIVE;
				GCC_WARN_UNUSED_FUNCTION = YES;
				GCC_WARN_UNUSED_VARIABLE = YES;
				IPHONEOS_DEPLOYMENT_TARGET = 14.4;
				MTL_ENABLE_DEBUG_INFO = INCLUDE_SOURCE;
				MTL_FAST_MATH = YES;
				ONLY_ACTIVE_ARCH = YES;
				SDKROOT = iphoneos;
				SWIFT_ACTIVE_COMPILATION_CONDITIONS = DEBUG;
				SWIFT_OPTIMIZATION_LEVEL = "-Onone";
			};
			name = Debug;
		};
		E288584A26220DD100BD756F /* Release */ = {
			isa = XCBuildConfiguration;
			buildSettings = {
				ALWAYS_SEARCH_USER_PATHS = NO;
				CLANG_ANALYZER_NONNULL = YES;
				CLANG_ANALYZER_NUMBER_OBJECT_CONVERSION = YES_AGGRESSIVE;
				CLANG_CXX_LANGUAGE_STANDARD = "gnu++14";
				CLANG_CXX_LIBRARY = "libc++";
				CLANG_ENABLE_MODULES = YES;
				CLANG_ENABLE_OBJC_ARC = YES;
				CLANG_ENABLE_OBJC_WEAK = YES;
				CLANG_WARN_BLOCK_CAPTURE_AUTORELEASING = YES;
				CLANG_WARN_BOOL_CONVERSION = YES;
				CLANG_WARN_COMMA = YES;
				CLANG_WARN_CONSTANT_CONVERSION = YES;
				CLANG_WARN_DEPRECATED_OBJC_IMPLEMENTATIONS = YES;
				CLANG_WARN_DIRECT_OBJC_ISA_USAGE = YES_ERROR;
				CLANG_WARN_DOCUMENTATION_COMMENTS = YES;
				CLANG_WARN_EMPTY_BODY = YES;
				CLANG_WARN_ENUM_CONVERSION = YES;
				CLANG_WARN_INFINITE_RECURSION = YES;
				CLANG_WARN_INT_CONVERSION = YES;
				CLANG_WARN_NON_LITERAL_NULL_CONVERSION = YES;
				CLANG_WARN_OBJC_IMPLICIT_RETAIN_SELF = YES;
				CLANG_WARN_OBJC_LITERAL_CONVERSION = YES;
				CLANG_WARN_OBJC_ROOT_CLASS = YES_ERROR;
				CLANG_WARN_QUOTED_INCLUDE_IN_FRAMEWORK_HEADER = YES;
				CLANG_WARN_RANGE_LOOP_ANALYSIS = YES;
				CLANG_WARN_STRICT_PROTOTYPES = YES;
				CLANG_WARN_SUSPICIOUS_MOVE = YES;
				CLANG_WARN_UNGUARDED_AVAILABILITY = YES_AGGRESSIVE;
				CLANG_WARN_UNREACHABLE_CODE = YES;
				CLANG_WARN__DUPLICATE_METHOD_MATCH = YES;
				COPY_PHASE_STRIP = NO;
				DEBUG_INFORMATION_FORMAT = "dwarf-with-dsym";
				ENABLE_NS_ASSERTIONS = NO;
				ENABLE_STRICT_OBJC_MSGSEND = YES;
				GCC_C_LANGUAGE_STANDARD = gnu11;
				GCC_NO_COMMON_BLOCKS = YES;
				GCC_WARN_64_TO_32_BIT_CONVERSION = YES;
				GCC_WARN_ABOUT_RETURN_TYPE = YES_ERROR;
				GCC_WARN_UNDECLARED_SELECTOR = YES;
				GCC_WARN_UNINITIALIZED_AUTOS = YES_AGGRESSIVE;
				GCC_WARN_UNUSED_FUNCTION = YES;
				GCC_WARN_UNUSED_VARIABLE = YES;
				IPHONEOS_DEPLOYMENT_TARGET = 14.4;
				MTL_ENABLE_DEBUG_INFO = NO;
				MTL_FAST_MATH = YES;
				SDKROOT = iphoneos;
				SWIFT_COMPILATION_MODE = wholemodule;
				SWIFT_OPTIMIZATION_LEVEL = "-O";
				VALIDATE_PRODUCT = YES;
			};
			name = Release;
		};
		E288584C26220DD100BD756F /* Debug */ = {
			isa = XCBuildConfiguration;
			buildSettings = {
				ASSETCATALOG_COMPILER_APPICON_NAME = AppIcon;
				ASSETCATALOG_COMPILER_GLOBAL_ACCENT_COLOR_NAME = AccentColor;
				CODE_SIGN_STYLE = Automatic;
				DEVELOPMENT_ASSET_PATHS = "\"JoodiApp/Preview Content\"";
				DEVELOPMENT_TEAM = TW4MPRU9AN;
				ENABLE_PREVIEWS = YES;
				INFOPLIST_FILE = JoodiApp/Info.plist;
				IPHONEOS_DEPLOYMENT_TARGET = 14.0;
				LD_RUNPATH_SEARCH_PATHS = (
					"$(inherited)",
					"@executable_path/Frameworks",
				);
				PRODUCT_BUNDLE_IDENTIFIER = com.mgua.JoodiApp;
				PRODUCT_NAME = "$(TARGET_NAME)";
				SWIFT_VERSION = 5.0;
				TARGETED_DEVICE_FAMILY = "1,2";
			};
			name = Debug;
		};
		E288584D26220DD100BD756F /* Release */ = {
			isa = XCBuildConfiguration;
			buildSettings = {
				ASSETCATALOG_COMPILER_APPICON_NAME = AppIcon;
				ASSETCATALOG_COMPILER_GLOBAL_ACCENT_COLOR_NAME = AccentColor;
				CODE_SIGN_STYLE = Automatic;
				DEVELOPMENT_ASSET_PATHS = "\"JoodiApp/Preview Content\"";
				DEVELOPMENT_TEAM = TW4MPRU9AN;
				ENABLE_PREVIEWS = YES;
				INFOPLIST_FILE = JoodiApp/Info.plist;
				IPHONEOS_DEPLOYMENT_TARGET = 14.0;
				LD_RUNPATH_SEARCH_PATHS = (
					"$(inherited)",
					"@executable_path/Frameworks",
				);
				PRODUCT_BUNDLE_IDENTIFIER = com.mgua.JoodiApp;
				PRODUCT_NAME = "$(TARGET_NAME)";
				SWIFT_VERSION = 5.0;
				TARGETED_DEVICE_FAMILY = "1,2";
			};
			name = Release;
		};
		E288584F26220DD100BD756F /* Debug */ = {
			isa = XCBuildConfiguration;
			buildSettings = {
				ALWAYS_EMBED_SWIFT_STANDARD_LIBRARIES = YES;
				BUNDLE_LOADER = "$(TEST_HOST)";
				CODE_SIGN_STYLE = Automatic;
				DEVELOPMENT_TEAM = TW4MPRU9AN;
				INFOPLIST_FILE = JoodiAppTests/Info.plist;
				IPHONEOS_DEPLOYMENT_TARGET = 14.0;
				LD_RUNPATH_SEARCH_PATHS = (
					"$(inherited)",
					"@executable_path/Frameworks",
					"@loader_path/Frameworks",
				);
				PRODUCT_BUNDLE_IDENTIFIER = com.mgua.JoodiAppTests;
				PRODUCT_NAME = "$(TARGET_NAME)";
				SWIFT_VERSION = 5.0;
				TARGETED_DEVICE_FAMILY = "1,2";
				TEST_HOST = "$(BUILT_PRODUCTS_DIR)/JoodiApp.app/JoodiApp";
			};
			name = Debug;
		};
		E288585026220DD100BD756F /* Release */ = {
			isa = XCBuildConfiguration;
			buildSettings = {
				ALWAYS_EMBED_SWIFT_STANDARD_LIBRARIES = YES;
				BUNDLE_LOADER = "$(TEST_HOST)";
				CODE_SIGN_STYLE = Automatic;
				DEVELOPMENT_TEAM = TW4MPRU9AN;
				INFOPLIST_FILE = JoodiAppTests/Info.plist;
				IPHONEOS_DEPLOYMENT_TARGET = 14.0;
				LD_RUNPATH_SEARCH_PATHS = (
					"$(inherited)",
					"@executable_path/Frameworks",
					"@loader_path/Frameworks",
				);
				PRODUCT_BUNDLE_IDENTIFIER = com.mgua.JoodiAppTests;
				PRODUCT_NAME = "$(TARGET_NAME)";
				SWIFT_VERSION = 5.0;
				TARGETED_DEVICE_FAMILY = "1,2";
				TEST_HOST = "$(BUILT_PRODUCTS_DIR)/JoodiApp.app/JoodiApp";
			};
			name = Release;
		};
		E288585226220DD100BD756F /* Debug */ = {
			isa = XCBuildConfiguration;
			buildSettings = {
				ALWAYS_EMBED_SWIFT_STANDARD_LIBRARIES = YES;
				CODE_SIGN_STYLE = Automatic;
				DEVELOPMENT_TEAM = TW4MPRU9AN;
				INFOPLIST_FILE = JoodiAppUITests/Info.plist;
				LD_RUNPATH_SEARCH_PATHS = (
					"$(inherited)",
					"@executable_path/Frameworks",
					"@loader_path/Frameworks",
				);
				PRODUCT_BUNDLE_IDENTIFIER = com.mgua.JoodiAppUITests;
				PRODUCT_NAME = "$(TARGET_NAME)";
				SWIFT_VERSION = 5.0;
				TARGETED_DEVICE_FAMILY = "1,2";
				TEST_TARGET_NAME = JoodiApp;
			};
			name = Debug;
		};
		E288585326220DD100BD756F /* Release */ = {
			isa = XCBuildConfiguration;
			buildSettings = {
				ALWAYS_EMBED_SWIFT_STANDARD_LIBRARIES = YES;
				CODE_SIGN_STYLE = Automatic;
				DEVELOPMENT_TEAM = TW4MPRU9AN;
				INFOPLIST_FILE = JoodiAppUITests/Info.plist;
				LD_RUNPATH_SEARCH_PATHS = (
					"$(inherited)",
					"@executable_path/Frameworks",
					"@loader_path/Frameworks",
				);
				PRODUCT_BUNDLE_IDENTIFIER = com.mgua.JoodiAppUITests;
				PRODUCT_NAME = "$(TARGET_NAME)";
				SWIFT_VERSION = 5.0;
				TARGETED_DEVICE_FAMILY = "1,2";
				TEST_TARGET_NAME = JoodiApp;
			};
			name = Release;
		};
/* End XCBuildConfiguration section */

/* Begin XCConfigurationList section */
		E288582126220DD000BD756F /* Build configuration list for PBXProject "JoodiApp" */ = {
			isa = XCConfigurationList;
			buildConfigurations = (
				E288584926220DD100BD756F /* Debug */,
				E288584A26220DD100BD756F /* Release */,
			);
			defaultConfigurationIsVisible = 0;
			defaultConfigurationName = Release;
		};
		E288584B26220DD100BD756F /* Build configuration list for PBXNativeTarget "JoodiApp" */ = {
			isa = XCConfigurationList;
			buildConfigurations = (
				E288584C26220DD100BD756F /* Debug */,
				E288584D26220DD100BD756F /* Release */,
			);
			defaultConfigurationIsVisible = 0;
			defaultConfigurationName = Release;
		};
		E288584E26220DD100BD756F /* Build configuration list for PBXNativeTarget "JoodiAppTests" */ = {
			isa = XCConfigurationList;
			buildConfigurations = (
				E288584F26220DD100BD756F /* Debug */,
				E288585026220DD100BD756F /* Release */,
			);
			defaultConfigurationIsVisible = 0;
			defaultConfigurationName = Release;
		};
		E288585126220DD100BD756F /* Build configuration list for PBXNativeTarget "JoodiAppUITests" */ = {
			isa = XCConfigurationList;
			buildConfigurations = (
				E288585226220DD100BD756F /* Debug */,
				E288585326220DD100BD756F /* Release */,
			);
			defaultConfigurationIsVisible = 0;
			defaultConfigurationName = Release;
		};
/* End XCConfigurationList section */
	};
	rootObject = E288581E26220DD000BD756F /* Project object */;
}
